# This file is generated by running "yarn install" inside your project.
# Manual changes might be lost - proceed with caution!

__metadata:
  version: 6
  cacheKey: 8

"@cspotcode/source-map-support@npm:^0.8.0":
  version: 0.8.1
  resolution: "@cspotcode/source-map-support@npm:0.8.1"
  dependencies:
    "@jridgewell/trace-mapping": 0.3.9
  checksum: 5718f267085ed8edb3e7ef210137241775e607ee18b77d95aa5bd7514f47f5019aa2d82d96b3bf342ef7aa890a346fa1044532ff7cc3009e7d24fce3ce6200fa
  languageName: node
  linkType: hard

"@jridgewell/resolve-uri@npm:^3.0.3":
  version: 3.1.1
  resolution: "@jridgewell/resolve-uri@npm:3.1.1"
  checksum: f5b441fe7900eab4f9155b3b93f9800a916257f4e8563afbcd3b5a5337b55e52bd8ae6735453b1b745457d9f6cdb16d74cd6220bbdd98cf153239e13f6cbb653
  languageName: node
  linkType: hard

"@jridgewell/sourcemap-codec@npm:^1.4.10":
  version: 1.4.15
  resolution: "@jridgewell/sourcemap-codec@npm:1.4.15"
  checksum: b881c7e503db3fc7f3c1f35a1dd2655a188cc51a3612d76efc8a6eb74728bef5606e6758ee77423e564092b4a518aba569bbb21c9bac5ab7a35b0c6ae7e344c8
  languageName: node
  linkType: hard

"@jridgewell/trace-mapping@npm:0.3.9":
  version: 0.3.9
  resolution: "@jridgewell/trace-mapping@npm:0.3.9"
  dependencies:
    "@jridgewell/resolve-uri": ^3.0.3
    "@jridgewell/sourcemap-codec": ^1.4.10
  checksum: d89597752fd88d3f3480845691a05a44bd21faac18e2185b6f436c3b0fd0c5a859fbbd9aaa92050c4052caf325ad3e10e2e1d1b64327517471b7d51babc0ddef
  languageName: node
  linkType: hard

"@noble/hashes@npm:^1.2.0":
  version: 1.3.2
  resolution: "@noble/hashes@npm:1.3.2"
  checksum: fe23536b436539d13f90e4b9be843cc63b1b17666a07634a2b1259dded6f490be3d050249e6af98076ea8f2ea0d56f578773c2197f2aa0eeaa5fba5bc18ba474
  languageName: node
  linkType: hard

"@stakekit/derive@workspace:.":
  version: 0.0.0-use.local
  resolution: "@stakekit/derive@workspace:."
  dependencies:
    "@types/node": ^20.5.9
    bip39: ^3.0.3
    ed25519-hd-key: ^1.3.0
    near-api-js: ^1.1.0
    ts-node: ^10.9.1
    typescript: ^4.9.5
  languageName: unknown
  linkType: soft

"@tsconfig/node10@npm:^1.0.7":
  version: 1.0.9
  resolution: "@tsconfig/node10@npm:1.0.9"
  checksum: a33ae4dc2a621c0678ac8ac4bceb8e512ae75dac65417a2ad9b022d9b5411e863c4c198b6ba9ef659e14b9fb609bbec680841a2e84c1172df7a5ffcf076539df
  languageName: node
  linkType: hard

"@tsconfig/node12@npm:^1.0.7":
  version: 1.0.11
  resolution: "@tsconfig/node12@npm:1.0.11"
  checksum: 5ce29a41b13e7897a58b8e2df11269c5395999e588b9a467386f99d1d26f6c77d1af2719e407621412520ea30517d718d5192a32403b8dfcc163bf33e40a338a
  languageName: node
  linkType: hard

"@tsconfig/node14@npm:^1.0.0":
  version: 1.0.3
  resolution: "@tsconfig/node14@npm:1.0.3"
  checksum: 19275fe80c4c8d0ad0abed6a96dbf00642e88b220b090418609c4376e1cef81bf16237bf170ad1b341452feddb8115d8dd2e5acdfdea1b27422071163dc9ba9d
  languageName: node
  linkType: hard

"@tsconfig/node16@npm:^1.0.2":
  version: 1.0.4
  resolution: "@tsconfig/node16@npm:1.0.4"
  checksum: 202319785901f942a6e1e476b872d421baec20cf09f4b266a1854060efbf78cde16a4d256e8bc949d31e6cd9a90f1e8ef8fb06af96a65e98338a2b6b0de0a0ff
  languageName: node
  linkType: hard

"@types/node@npm:^20.5.9":
  version: 20.6.2
  resolution: "@types/node@npm:20.6.2"
  checksum: 96fe5303872640a173f3fd43e289a451776ed5b8f0090094447c6790b43f23fb607eea8268af0829cef4d132e5afa0bfa4cd871aa7412e9042a414a698e9e971
  languageName: node
  linkType: hard

"acorn-walk@npm:^8.1.1":
  version: 8.2.0
  resolution: "acorn-walk@npm:8.2.0"
  checksum: 1715e76c01dd7b2d4ca472f9c58968516a4899378a63ad5b6c2d668bba8da21a71976c14ec5f5b75f887b6317c4ae0b897ab141c831d741dc76024d8745f1ad1
  languageName: node
  linkType: hard

"acorn@npm:^8.4.1":
  version: 8.10.0
  resolution: "acorn@npm:8.10.0"
  bin:
    acorn: bin/acorn
  checksum: 538ba38af0cc9e5ef983aee196c4b8b4d87c0c94532334fa7e065b2c8a1f85863467bb774231aae91613fcda5e68740c15d97b1967ae3394d20faddddd8af61d
  languageName: node
  linkType: hard

"arg@npm:^4.1.0":
  version: 4.1.3
  resolution: "arg@npm:4.1.3"
  checksum: 544af8dd3f60546d3e4aff084d451b96961d2267d668670199692f8d054f0415d86fc5497d0e641e91546f0aa920e7c29e5250e99fc89f5552a34b5d93b77f43
  languageName: node
  linkType: hard

"base-x@npm:^3.0.2":
  version: 3.0.9
  resolution: "base-x@npm:3.0.9"
  dependencies:
    safe-buffer: ^5.0.1
  checksum: 957101d6fd09e1903e846fd8f69fd7e5e3e50254383e61ab667c725866bec54e5ece5ba49ce385128ae48f9ec93a26567d1d5ebb91f4d56ef4a9cc0d5a5481e8
  languageName: node
  linkType: hard

"bip39@npm:^3.0.3":
  version: 3.1.0
  resolution: "bip39@npm:3.1.0"
  dependencies:
    "@noble/hashes": ^1.2.0
  checksum: 1224e763ffc6b097052ed8abd57f0e521ad6d31f1645be0d0a15f4417c13f8461f00e47e9cf7c8c784bd533f4fb1ee3ab020f258c7df45ee5dc722b4b0336cfc
  languageName: node
  linkType: hard

"bn.js@npm:5.2.1, bn.js@npm:^5.2.0":
  version: 5.2.1
  resolution: "bn.js@npm:5.2.1"
  checksum: 3dd8c8d38055fedfa95c1d5fc3c99f8dd547b36287b37768db0abab3c239711f88ff58d18d155dd8ad902b0b0cee973747b7ae20ea12a09473272b0201c9edd3
  languageName: node
  linkType: hard

"borsh@npm:^0.7.0":
  version: 0.7.0
  resolution: "borsh@npm:0.7.0"
  dependencies:
    bn.js: ^5.2.0
    bs58: ^4.0.0
    text-encoding-utf-8: ^1.0.2
  checksum: e98bfb5f7cfb820819c2870b884dac58dd4b4ce6a86c286c8fbf5c9ca582e73a8c6094df67e81a28c418ff07a309c6b118b2e27fdfea83fd92b8100c741da0b5
  languageName: node
  linkType: hard

"bs58@npm:^4.0.0":
  version: 4.0.1
  resolution: "bs58@npm:4.0.1"
  dependencies:
    base-x: ^3.0.2
  checksum: b3c5365bb9e0c561e1a82f1a2d809a1a692059fae016be233a6127ad2f50a6b986467c3a50669ce4c18929dcccb297c5909314dd347a25a68c21b68eb3e95ac2
  languageName: node
  linkType: hard

"capability@npm:^0.2.5":
  version: 0.2.5
  resolution: "capability@npm:0.2.5"
  checksum: 59ce65958dc0f2e76e7007fe8d5a0a85801b950bb957779c11948776f0e7a1290b9638bfd2da92b4b8bebd7584f92a8c38d4e6613659c9637783a6993026b08b
  languageName: node
  linkType: hard

"cipher-base@npm:^1.0.1, cipher-base@npm:^1.0.3":
  version: 1.0.4
  resolution: "cipher-base@npm:1.0.4"
  dependencies:
    inherits: ^2.0.1
    safe-buffer: ^5.0.1
  checksum: 47d3568dbc17431a339bad1fe7dff83ac0891be8206911ace3d3b818fc695f376df809bea406e759cdea07fff4b454fa25f1013e648851bec790c1d75763032e
  languageName: node
  linkType: hard

"create-hash@npm:^1.1.0":
  version: 1.2.0
  resolution: "create-hash@npm:1.2.0"
  dependencies:
    cipher-base: ^1.0.1
    inherits: ^2.0.1
    md5.js: ^1.3.4
    ripemd160: ^2.0.1
    sha.js: ^2.4.0
  checksum: 02a6ae3bb9cd4afee3fabd846c1d8426a0e6b495560a977ba46120c473cb283be6aa1cace76b5f927cf4e499c6146fb798253e48e83d522feba807d6b722eaa9
  languageName: node
  linkType: hard

"create-hmac@npm:1.1.7":
  version: 1.1.7
  resolution: "create-hmac@npm:1.1.7"
  dependencies:
    cipher-base: ^1.0.3
    create-hash: ^1.1.0
    inherits: ^2.0.1
    ripemd160: ^2.0.0
    safe-buffer: ^5.0.1
    sha.js: ^2.4.8
  checksum: ba12bb2257b585a0396108c72830e85f882ab659c3320c83584b1037f8ab72415095167ced80dc4ce8e446a8ecc4b2acf36d87befe0707d73b26cf9dc77440ed
  languageName: node
  linkType: hard

"create-require@npm:^1.1.0":
  version: 1.1.1
  resolution: "create-require@npm:1.1.1"
  checksum: a9a1503d4390d8b59ad86f4607de7870b39cad43d929813599a23714831e81c520bddf61bcdd1f8e30f05fd3a2b71ae8538e946eb2786dc65c2bbc520f692eff
  languageName: node
  linkType: hard

"depd@npm:^2.0.0":
  version: 2.0.0
  resolution: "depd@npm:2.0.0"
  checksum: abbe19c768c97ee2eed6282d8ce3031126662252c58d711f646921c9623f9052e3e1906443066beec1095832f534e57c523b7333f8e7e0d93051ab6baef5ab3a
  languageName: node
  linkType: hard

"depd@npm:~1.1.2":
  version: 1.1.2
  resolution: "depd@npm:1.1.2"
  checksum: 6b406620d269619852885ce15965272b829df6f409724415e0002c8632ab6a8c0a08ec1f0bd2add05dc7bd7507606f7e2cc034fa24224ab829580040b835ecd9
  languageName: node
  linkType: hard

"diff@npm:^4.0.1":
  version: 4.0.2
  resolution: "diff@npm:4.0.2"
  checksum: f2c09b0ce4e6b301c221addd83bf3f454c0bc00caa3dd837cf6c127d6edf7223aa2bbe3b688feea110b7f262adbfc845b757c44c8a9f8c0c5b15d8fa9ce9d20d
  languageName: node
  linkType: hard

"ed25519-hd-key@npm:1.3.0":
  version: 1.3.0
  resolution: "ed25519-hd-key@npm:1.3.0"
  dependencies:
    create-hmac: 1.1.7
    tweetnacl: 1.0.3
  checksum: 65dcf405f948ca592adc1e81d750627ce65887310ba0e1b430a6ae0dcc13e9e67a81cb855252c8d64cc0303da2b84ddad810db3098d24c808a5ae89e79fe58cf
  languageName: node
  linkType: hard

"ed25519-hd-key@patch:ed25519-hd-key@npm%3A1.3.0#./.yarn/patches/ed25519-hd-key-npm-1.3.0-248db2e234.patch::locator=%40stakekit%2Fderive%40workspace%3A.":
  version: 1.3.0
  resolution: "ed25519-hd-key@patch:ed25519-hd-key@npm%3A1.3.0#./.yarn/patches/ed25519-hd-key-npm-1.3.0-248db2e234.patch::version=1.3.0&hash=151f32&locator=%40stakekit%2Fderive%40workspace%3A."
  dependencies:
    create-hmac: 1.1.7
    tweetnacl: 1.0.3
  checksum: 2f04b703df91489ad45349badf3ec865abe9afa6ef814bebba524b1bfd7a27305d856aacbc19e18e69b5ec76d4c33bda6bc22456f42fcfeb3c9a8529db35a451
  languageName: node
  linkType: hard

"error-polyfill@npm:^0.1.3":
  version: 0.1.3
  resolution: "error-polyfill@npm:0.1.3"
  dependencies:
    capability: ^0.2.5
    o3: ^1.0.3
    u3: ^0.1.1
  checksum: 1aee485841310e1f4d10cde0a5c8ac840311c94914bb1aed8fd71826be84dd5dba3d4ab937f39c0b970edb3d0a76cfb5d001ec979db6c68858b5f75c1f504c52
  languageName: node
  linkType: hard

"hash-base@npm:^3.0.0":
  version: 3.1.0
  resolution: "hash-base@npm:3.1.0"
  dependencies:
    inherits: ^2.0.4
    readable-stream: ^3.6.0
    safe-buffer: ^5.2.0
  checksum: 26b7e97ac3de13cb23fc3145e7e3450b0530274a9562144fc2bf5c1e2983afd0e09ed7cc3b20974ba66039fad316db463da80eb452e7373e780cbee9a0d2f2dc
  languageName: node
  linkType: hard

"http-errors@npm:^1.7.2":
  version: 1.8.1
  resolution: "http-errors@npm:1.8.1"
  dependencies:
    depd: ~1.1.2
    inherits: 2.0.4
    setprototypeof: 1.2.0
    statuses: ">= 1.5.0 < 2"
    toidentifier: 1.0.1
  checksum: d3c7e7e776fd51c0a812baff570bdf06fe49a5dc448b700ab6171b1250e4cf7db8b8f4c0b133e4bfe2451022a5790c1ca6c2cae4094dedd6ac8304a1267f91d2
  languageName: node
  linkType: hard

"inherits@npm:2.0.4, inherits@npm:^2.0.1, inherits@npm:^2.0.3, inherits@npm:^2.0.4":
  version: 2.0.4
  resolution: "inherits@npm:2.0.4"
  checksum: 4a48a733847879d6cf6691860a6b1e3f0f4754176e4d71494c41f3475553768b10f84b5ce1d40fbd0e34e6bfbb864ee35858ad4dd2cf31e02fc4a154b724d7f1
  languageName: node
  linkType: hard

"js-sha256@npm:^0.9.0":
  version: 0.9.0
  resolution: "js-sha256@npm:0.9.0"
  checksum: ffad54b3373f81581e245866abfda50a62c483803a28176dd5c28fd2d313e0bdf830e77dac7ff8afd193c53031618920f3d98daf21cbbe80082753ab639c0365
  languageName: node
  linkType: hard

"make-error@npm:^1.1.1":
  version: 1.3.6
  resolution: "make-error@npm:1.3.6"
  checksum: b86e5e0e25f7f777b77fabd8e2cbf15737972869d852a22b7e73c17623928fccb826d8e46b9951501d3f20e51ad74ba8c59ed584f610526a48f8ccf88aaec402
  languageName: node
  linkType: hard

"md5.js@npm:^1.3.4":
  version: 1.3.5
  resolution: "md5.js@npm:1.3.5"
  dependencies:
    hash-base: ^3.0.0
    inherits: ^2.0.1
    safe-buffer: ^5.1.2
  checksum: 098494d885684bcc4f92294b18ba61b7bd353c23147fbc4688c75b45cb8590f5a95fd4584d742415dcc52487f7a1ef6ea611cfa1543b0dc4492fe026357f3f0c
  languageName: node
  linkType: hard

"mustache@npm:^4.0.0":
  version: 4.2.0
  resolution: "mustache@npm:4.2.0"
  bin:
    mustache: bin/mustache
  checksum: 928fcb63e3aa44a562bfe9b59ba202cccbe40a46da50be6f0dd831b495be1dd7e38ca4657f0ecab2c1a89dc7bccba0885eab7ee7c1b215830da765758c7e0506
  languageName: node
  linkType: hard

"near-api-js@npm:^1.1.0":
  version: 1.1.0
  resolution: "near-api-js@npm:1.1.0"
  dependencies:
    bn.js: 5.2.1
    borsh: ^0.7.0
    bs58: ^4.0.0
    depd: ^2.0.0
    error-polyfill: ^0.1.3
    http-errors: ^1.7.2
    js-sha256: ^0.9.0
    mustache: ^4.0.0
    node-fetch: ^2.6.1
    text-encoding-utf-8: ^1.0.2
    tweetnacl: ^1.0.1
  checksum: 22a01a248b2b68a7fe1d6a98fd0d928143e44dad8f213b887942bfbddd23341ebf001d968c1e1acf8f601e410b1e7868a73369079e5852bbf1e2c5a0b938b9ac
  languageName: node
  linkType: hard

"node-fetch@npm:^2.6.1":
  version: 2.7.0
  resolution: "node-fetch@npm:2.7.0"
  dependencies:
    whatwg-url: ^5.0.0
  peerDependencies:
    encoding: ^0.1.0
  peerDependenciesMeta:
    encoding:
      optional: true
  checksum: d76d2f5edb451a3f05b15115ec89fc6be39de37c6089f1b6368df03b91e1633fd379a7e01b7ab05089a25034b2023d959b47e59759cb38d88341b2459e89d6e5
  languageName: node
  linkType: hard

"o3@npm:^1.0.3":
  version: 1.0.3
  resolution: "o3@npm:1.0.3"
  dependencies:
    capability: ^0.2.5
  checksum: 3b4d0686c94ac21b3c8bd66fb2c93a4daef7b8f52a20b04595754f8dc4102550de9a7b1cdffa3db2191d47a4ae70ca568f21d9f3ba29bb15c3f004dbf636c33c
  languageName: node
  linkType: hard

"readable-stream@npm:^3.6.0":
  version: 3.6.2
  resolution: "readable-stream@npm:3.6.2"
  dependencies:
    inherits: ^2.0.3
    string_decoder: ^1.1.1
    util-deprecate: ^1.0.1
  checksum: bdcbe6c22e846b6af075e32cf8f4751c2576238c5043169a1c221c92ee2878458a816a4ea33f4c67623c0b6827c8a400409bfb3cf0bf3381392d0b1dfb52ac8d
  languageName: node
  linkType: hard

"ripemd160@npm:^2.0.0, ripemd160@npm:^2.0.1":
  version: 2.0.2
  resolution: "ripemd160@npm:2.0.2"
  dependencies:
    hash-base: ^3.0.0
    inherits: ^2.0.1
  checksum: 006accc40578ee2beae382757c4ce2908a826b27e2b079efdcd2959ee544ddf210b7b5d7d5e80467807604244e7388427330f5c6d4cd61e6edaddc5773ccc393
  languageName: node
  linkType: hard

"safe-buffer@npm:^5.0.1, safe-buffer@npm:^5.1.2, safe-buffer@npm:^5.2.0, safe-buffer@npm:~5.2.0":
  version: 5.2.1
  resolution: "safe-buffer@npm:5.2.1"
  checksum: b99c4b41fdd67a6aaf280fcd05e9ffb0813654894223afb78a31f14a19ad220bba8aba1cb14eddce1fcfb037155fe6de4e861784eb434f7d11ed58d1e70dd491
  languageName: node
  linkType: hard

"setprototypeof@npm:1.2.0":
  version: 1.2.0
  resolution: "setprototypeof@npm:1.2.0"
  checksum: be18cbbf70e7d8097c97f713a2e76edf84e87299b40d085c6bf8b65314e994cc15e2e317727342fa6996e38e1f52c59720b53fe621e2eb593a6847bf0356db89
  languageName: node
  linkType: hard

"sha.js@npm:^2.4.0, sha.js@npm:^2.4.8":
  version: 2.4.11
  resolution: "sha.js@npm:2.4.11"
  dependencies:
    inherits: ^2.0.1
    safe-buffer: ^5.0.1
  bin:
    sha.js: ./bin.js
  checksum: ebd3f59d4b799000699097dadb831c8e3da3eb579144fd7eb7a19484cbcbb7aca3c68ba2bb362242eb09e33217de3b4ea56e4678184c334323eca24a58e3ad07
  languageName: node
  linkType: hard

"statuses@npm:>= 1.5.0 < 2":
  version: 1.5.0
  resolution: "statuses@npm:1.5.0"
  checksum: c469b9519de16a4bb19600205cffb39ee471a5f17b82589757ca7bd40a8d92ebb6ed9f98b5a540c5d302ccbc78f15dc03cc0280dd6e00df1335568a5d5758a5c
  languageName: node
  linkType: hard

"string_decoder@npm:^1.1.1":
  version: 1.3.0
  resolution: "string_decoder@npm:1.3.0"
  dependencies:
    safe-buffer: ~5.2.0
  checksum: 8417646695a66e73aefc4420eb3b84cc9ffd89572861fe004e6aeb13c7bc00e2f616247505d2dbbef24247c372f70268f594af7126f43548565c68c117bdeb56
  languageName: node
  linkType: hard

"text-encoding-utf-8@npm:^1.0.2":
  version: 1.0.2
  resolution: "text-encoding-utf-8@npm:1.0.2"
  checksum: ec4c15d50e738c5dba7327ad432ebf0725ec75d4d69c0bd55609254c5a3bc5341272d7003691084a0a73d60d981c8eb0e87603676fdb6f3fed60f4c9192309f9
  languageName: node
  linkType: hard

"toidentifier@npm:1.0.1":
  version: 1.0.1
  resolution: "toidentifier@npm:1.0.1"
  checksum: 952c29e2a85d7123239b5cfdd889a0dde47ab0497f0913d70588f19c53f7e0b5327c95f4651e413c74b785147f9637b17410ac8c846d5d4a20a5a33eb6dc3a45
  languageName: node
  linkType: hard

"tr46@npm:~0.0.3":
  version: 0.0.3
  resolution: "tr46@npm:0.0.3"
  checksum: 726321c5eaf41b5002e17ffbd1fb7245999a073e8979085dacd47c4b4e8068ff5777142fc6726d6ca1fd2ff16921b48788b87225cbc57c72636f6efa8efbffe3
  languageName: node
  linkType: hard

"ts-node@npm:^10.9.1":
  version: 10.9.1
  resolution: "ts-node@npm:10.9.1"
  dependencies:
    "@cspotcode/source-map-support": ^0.8.0
    "@tsconfig/node10": ^1.0.7
    "@tsconfig/node12": ^1.0.7
    "@tsconfig/node14": ^1.0.0
    "@tsconfig/node16": ^1.0.2
    acorn: ^8.4.1
    acorn-walk: ^8.1.1
    arg: ^4.1.0
    create-require: ^1.1.0
    diff: ^4.0.1
    make-error: ^1.1.1
    v8-compile-cache-lib: ^3.0.1
    yn: 3.1.1
  peerDependencies:
    "@swc/core": ">=1.2.50"
    "@swc/wasm": ">=1.2.50"
    "@types/node": "*"
    typescript: ">=2.7"
  peerDependenciesMeta:
    "@swc/core":
      optional: true
    "@swc/wasm":
      optional: true
  bin:
    ts-node: dist/bin.js
    ts-node-cwd: dist/bin-cwd.js
    ts-node-esm: dist/bin-esm.js
    ts-node-script: dist/bin-script.js
    ts-node-transpile-only: dist/bin-transpile.js
    ts-script: dist/bin-script-deprecated.js
  checksum: 090adff1302ab20bd3486e6b4799e90f97726ed39e02b39e566f8ab674fd5bd5f727f43615debbfc580d33c6d9d1c6b1b3ce7d8e3cca3e20530a145ffa232c35
  languageName: node
  linkType: hard

"tweetnacl@npm:1.0.3, tweetnacl@npm:^1.0.1":
  version: 1.0.3
  resolution: "tweetnacl@npm:1.0.3"
  checksum: e4a57cac188f0c53f24c7a33279e223618a2bfb5fea426231991652a13247bea06b081fd745d71291fcae0f4428d29beba1b984b1f1ce6f66b06a6d1ab90645c
  languageName: node
  linkType: hard

"typescript@npm:^4.9.5":
  version: 4.9.5
  resolution: "typescript@npm:4.9.5"
  bin:
    tsc: bin/tsc
    tsserver: bin/tsserver
  checksum: ee000bc26848147ad423b581bd250075662a354d84f0e06eb76d3b892328d8d4440b7487b5a83e851b12b255f55d71835b008a66cbf8f255a11e4400159237db
  languageName: node
  linkType: hard

"typescript@patch:typescript@^4.9.5#~builtin<compat/typescript>":
  version: 4.9.5
  resolution: "typescript@patch:typescript@npm%3A4.9.5#~builtin<compat/typescript>::version=4.9.5&hash=289587"
  bin:
    tsc: bin/tsc
    tsserver: bin/tsserver
  checksum: 1f8f3b6aaea19f0f67cba79057674ba580438a7db55057eb89cc06950483c5d632115c14077f6663ea76fd09fce3c190e6414bb98582ec80aa5a4eaf345d5b68
  languageName: node
  linkType: hard

"u3@npm:^0.1.1":
  version: 0.1.1
  resolution: "u3@npm:0.1.1"
  checksum: d55f396c607b0a2340d6165526b5143a29b369e7e0397b04f79633db77cd668f2da713feb7adb4f93a588e82a388ff995d9a2b16123d0cb02fe394fd2f26b529
  languageName: node
  linkType: hard

"util-deprecate@npm:^1.0.1":
  version: 1.0.2
  resolution: "util-deprecate@npm:1.0.2"
  checksum: 474acf1146cb2701fe3b074892217553dfcf9a031280919ba1b8d651a068c9b15d863b7303cb15bd00a862b498e6cf4ad7b4a08fb134edd5a6f7641681cb54a2
  languageName: node
  linkType: hard

"v8-compile-cache-lib@npm:^3.0.1":
  version: 3.0.1
  resolution: "v8-compile-cache-lib@npm:3.0.1"
  checksum: 78089ad549e21bcdbfca10c08850022b22024cdcc2da9b168bcf5a73a6ed7bf01a9cebb9eac28e03cd23a684d81e0502797e88f3ccd27a32aeab1cfc44c39da0
  languageName: node
  linkType: hard

"webidl-conversions@npm:^3.0.0":
  version: 3.0.1
  resolution: "webidl-conversions@npm:3.0.1"
  checksum: c92a0a6ab95314bde9c32e1d0a6dfac83b578f8fa5f21e675bc2706ed6981bc26b7eb7e6a1fab158e5ce4adf9caa4a0aee49a52505d4d13c7be545f15021b17c
  languageName: node
  linkType: hard

"whatwg-url@npm:^5.0.0":
  version: 5.0.0
  resolution: "whatwg-url@npm:5.0.0"
  dependencies:
    tr46: ~0.0.3
    webidl-conversions: ^3.0.0
  checksum: b8daed4ad3356cc4899048a15b2c143a9aed0dfae1f611ebd55073310c7b910f522ad75d727346ad64203d7e6c79ef25eafd465f4d12775ca44b90fa82ed9e2c
  languageName: node
  linkType: hard

"yn@npm:3.1.1":
  version: 3.1.1
  resolution: "yn@npm:3.1.1"
  checksum: 2c487b0e149e746ef48cda9f8bad10fc83693cd69d7f9dcd8be4214e985de33a29c9e24f3c0d6bcf2288427040a8947406ab27f7af67ee9456e6b84854f02dd6
  languageName: node
  linkType: hard
